{
  "name": "windows-ca-certs",
  "version": "0.1.2",
  "lockfileVersion": 3,
  "requires": true,
  "packages": {
    "": {
      "name": "windows-ca-certs",
      "version": "0.1.2",
      "license": "BSD",
      "optionalDependencies": {
        "@vscode/windows-ca-certs": "^0.3.1"
      }
    },
    "node_modules/@vscode/windows-ca-certs": {
      "version": "0.3.1",
      "resolved": "https://registry.npmjs.org/@vscode/windows-ca-certs/-/windows-ca-certs-0.3.1.tgz",
      "integrity": "sha512-1B6hZAsqg125wuMsXiKIFkBgKx/J7YR4RT/ccYGkWAToPU9MVa40PRe+evLFUmLPH6NmPohEPlCzZLbqgvHCcQ==",
      "hasInstallScript": true,
      "optional": true,
      "os": [
        "win32"
      ],
      "dependencies": {
        "node-addon-api": "^3.0.2"
      }
    },
    "node_modules/node-addon-api": {
      "version": "3.2.1",
      "resolved": "https://registry.npmjs.org/node-addon-api/-/node-addon-api-3.2.1.tgz",
      "integrity": "sha512-mmcei9JghVNDYydghQmeDX8KoAm0FAiYyIcUt/N4nhyAipB17pllZQDOJD2fotxABnt4Mdz+dKTO7eftLg4d0A==",
      "optional": true
    }
  }
}
